
Microsoft Visual Studio Solution File, Format Version 12.00
# Visual Studio Version 16
VisualStudioVersion = 16.0.29806.167
MinimumVisualStudioVersion = 10.0.40219.1
Project("{FAE04EC0-301F-11D3-BF4B-00C04F79EFBC}") = "LiquidacionUI", "Liquidacion\LiquidacionUI.csproj", "{900DE95F-65E4-4B98-B8ED-F3F69F023CA4}"
EndProject
Project("{FAE04EC0-301F-11D3-BF4B-00C04F79EFBC}") = "BLL", "BLL\BLL.csproj", "{8AB3D8A5-05EA-4DD8-AC28-EF9AA84A4A88}"
EndProject
Project("{FAE04EC0-301F-11D3-BF4B-00C04F79EFBC}") = "DAL", "DAL\DAL.csproj", "{7B0C9BC3-C8C4-4104-9765-7667468F38E0}"
EndProject
Project("{FAE04EC0-301F-11D3-BF4B-00C04F79EFBC}") = "Entity", "Entity\Entity.csproj", "{6EDE5444-5892-4D17-9C71-4342E3BE20E0}"
EndProject
Project("{FAE04EC0-301F-11D3-BF4B-00C04F79EFBC}") = "LiquidacionGUI", "LiquidacionGUI\LiquidacionGUI.csproj", "{C403A55A-C80B-43A7-BDB7-01B5A30F5EA2}"
EndProject
Global
	GlobalSection(SolutionConfigurationPlatforms) = preSolution
		Debug|Any CPU = Debug|Any CPU
		Release|Any CPU = Release|Any CPU
	EndGlobalSection
	GlobalSection(ProjectConfigurationPlatforms) = postSolution
		{900DE95F-65E4-4B98-B8ED-F3F69F023CA4}.Debug|Any CPU.ActiveCfg = Debug|Any CPU
		{900DE95F-65E4-4B98-B8ED-F3F69F023CA4}.Debug|Any CPU.Build.0 = Debug|Any CPU
		{900DE95F-65E4-4B98-B8ED-F3F69F023CA4}.Release|Any CPU.ActiveCfg = Release|Any CPU
		{900DE95F-65E4-4B98-B8ED-F3F69F023CA4}.Release|Any CPU.Build.0 = Release|Any CPU
		{8AB3D8A5-05EA-4DD8-AC28-EF9AA84A4A88}.Debug|Any CPU.ActiveCfg = Debug|Any CPU
		{8AB3D8A5-05EA-4DD8-AC28-EF9AA84A4A88}.Debug|Any CPU.Build.0 = Debug|Any CPU
		{8AB3D8A5-05EA-4DD8-AC28-EF9AA84A4A88}.Release|Any CPU.ActiveCfg = Release|Any CPU
		{8AB3D8A5-05EA-4DD8-AC28-EF9AA84A4A88}.Release|Any CPU.Build.0 = Release|Any CPU
		{7B0C9BC3-C8C4-4104-9765-7667468F38E0}.Debug|Any CPU.ActiveCfg = Debug|Any CPU
		{7B0C9BC3-C8C4-4104-9765-7667468F38E0}.Debug|Any CPU.Build.0 = Debug|Any CPU
		{7B0C9BC3-C8C4-4104-9765-7667468F38E0}.Release|Any CPU.ActiveCfg = Release|Any CPU
		{7B0C9BC3-C8C4-4104-9765-7667468F38E0}.Release|Any CPU.Build.0 = Release|Any CPU
		{6EDE5444-5892-4D17-9C71-4342E3BE20E0}.Debug|Any CPU.ActiveCfg = Debug|Any CPU
		{6EDE5444-5892-4D17-9C71-4342E3BE20E0}.Debug|Any CPU.Build.0 = Debug|Any CPU
		{6EDE5444-5892-4D17-9C71-4342E3BE20E0}.Release|Any CPU.ActiveCfg = Release|Any CPU
		{6EDE5444-5892-4D17-9C71-4342E3BE20E0}.Release|Any CPU.Build.0 = Release|Any CPU
		{C403A55A-C80B-43A7-BDB7-01B5A30F5EA2}.Debug|Any CPU.ActiveCfg = Debug|Any CPU
		{C403A55A-C80B-43A7-BDB7-01B5A30F5EA2}.Debug|Any CPU.Build.0 = Debug|Any CPU
		{C403A55A-C80B-43A7-BDB7-01B5A30F5EA2}.Release|Any CPU.ActiveCfg = Release|Any CPU
		{C403A55A-C80B-43A7-BDB7-01B5A30F5EA2}.Release|Any CPU.Build.0 = Release|Any CPU
	EndGlobalSection
	GlobalSection(SolutionProperties) = preSolution
		HideSolutionNode = FALSE
	EndGlobalSection
	GlobalSection(ExtensibilityGlobals) = postSolution
		SolutionGuid = {BDD311D5-82A1-4137-8E0C-8C389C437D20}
	EndGlobalSection
EndGlobal
